{
    "_meta": {
        "hash": {
            "sha256": "e8f0f94733fc3db0733ffbdd1b65de2d8146f0c42b46500652e21bbd504e90a3"
        },
        "pipfile-spec": 6,
        "requires": {
            "python_version": "2.7"
        },
        "sources": [
            {
                "name": "pypi",
                "url": "https://pypi.python.org/simple",
                "verify_ssl": true
            }
        ]
    },
    "default": {
        "argparse": {
            "hashes": [
                "sha256:62b089a55be1d8949cd2bc7e0df0bddb9e028faefc8c32038cc84862aefdd6e4",
                "sha256:c31647edb69fd3d465a847ea3157d37bed1f95f19760b11a47aa91c04b666314"
            ],
            "index": "pypi",
            "version": "==1.4.0"
        },
        "babel": {
            "hashes": [
                "sha256:3318ed2960240d61cbc6558858ee00c10eed77a6508c4d1ed8e6f7f48399c975",
                "sha256:c535c4403802f6eb38173cd4863e419e2274921a01a8aad8a5b497c131c62875"
            ],
            "index": "pypi",
            "version": "==2.3.4"
        },
        "beaker": {
            "hashes": [
                "sha256:317d0f9a3618364a4ce447d227b698bd7cdcad57301326ce8013d200abd695bf"
            ],
            "index": "pypi",
            "version": "==1.9.0"
        },
        "bleach": {
            "hashes": [
                "sha256:b8fa79e91f96c2c2cd9fd1f9eda906efb1b88b483048978ba62fef680e962b34",
                "sha256:eb7386f632349d10d9ce9d4a838b134d4731571851149f9cc2c05a9a837a9a44"
            ],
            "index": "pypi",
            "version": "==2.1.3"
        },
        "cachetools": {
            "hashes": [
                "sha256:428266a1c0d36dc5aca63a2d7c5942e88c2c898d72139fca0e97fdd2380517ae",
                "sha256:8ea2d3ce97850f31e4a08b0e2b5e6c34997d7216a9d2c98e0f3978630d4da69a"
            ],
            "version": "==3.1.1"
        },
        "click": {
            "hashes": [
                "sha256:29f99fc6125fbc931b758dc053b3114e55c77a6e4c6c3a2674a2dc986016381d",
                "sha256:f15516df478d5a56180fbf80e68f206010e6d160fc39fa508b65e035fd75130b"
            ],
            "index": "pypi",
            "version": "==6.7"
        },
        "decorator": {
            "hashes": [
                "sha256:7d46dd9f3ea1cf5f06ee0e4e1277ae618cf48dfb10ada7c8427cd46c42702a0e",
                "sha256:94d1d8905f5010d74bbbd86c30471255661a14187c45f8d7f3e5aa8540fdb2e5"
            ],
            "index": "pypi",
            "version": "==4.2.1"
        },
        "fanstatic": {
            "hashes": [
                "sha256:b9d4b2507163489a869502f1744fb3818ee07db434a705e50cbf5169fc8f4751"
            ],
            "index": "pypi",
            "version": "==0.12"
        },
        "flask": {
            "hashes": [
                "sha256:0749df235e3ff61ac108f69ac178c9770caeaccad2509cb762ce1f65570a8856",
                "sha256:49f44461237b69ecd901cc7ce66feea0319b9158743dd27a2899962ab214dac1"
            ],
            "index": "pypi",
            "version": "==0.12.2"
        },
        "flask-babel": {
            "hashes": [
                "sha256:462a3c599b0ccf426ca1757cc612f1db383844efd346d14170da04c8c76dd521",
                "sha256:c0d75710bd4b0fe866f9f2347de6e19208712f9cec006436b4c1c15d4cb0c939"
            ],
            "index": "pypi",
            "version": "==0.11.2"
        },
        "formencode": {
            "hashes": [
                "sha256:ada2f51792b1b484e5bb7b6cc14acfc1bc11fafc967cf015cd57e856053ca7f6"
            ],
            "index": "pypi",
            "version": "==1.3.1"
        },
        "funcsigs": {
            "hashes": [
                "sha256:330cc27ccbf7f1e992e69fef78261dc7c6569012cf397db8d3de0234e6c937ca",
                "sha256:a7bb0f2cf3a3fd1ab2732cb49eba4252c2af4240442415b4abce3b87022a8f50"
            ],
            "index": "pypi",
            "version": "==1.0.2"
        },
        "google-api-python-client": {
            "hashes": [
                "sha256:5d5cb02c6f3112c68eed51b74891a49c0e35263380672d662f8bfe85b8114d7c",
                "sha256:7cc47cf80b25ecd7f3d917ea247bb6c62587514e40604ae29c47c0e4ebd1174b"
            ],
            "index": "pypi",
            "version": "==1.7.4"
        },
        "google-auth": {
            "hashes": [
                "sha256:008e23ed080674f69f9d2d7d80db4c2591b9bb307d136cea7b3bc129771d211d",
                "sha256:514e39f4190ca972200ba33876da5a8857c5665f2b4ccc36c8b8ee21228aae80"
            ],
            "version": "==1.25.0"
        },
        "google-auth-httplib2": {
            "hashes": [
                "sha256:8d092cc60fb16517b12057ec0bba9185a96e3b7169d86ae12eae98e645b7bc39",
                "sha256:aeaff501738b289717fac1980db9711d77908a6c227f60e4aa1923410b43e2ee"
            ],
            "version": "==0.0.4"
        },
        "html5lib": {
            "hashes": [
                "sha256:20b159aa3badc9d5ee8f5c647e5efd02ed2a66ab8d354930bd9ff139fc1dc0a3",
                "sha256:66cb0dcfdbbc4f9c3ba1a63fdb511ffdbd4f513b2b6d81b80cd26ce6b3fb3736"
            ],
            "index": "pypi",
            "version": "==1.0.1"
        },
        "httplib2": {
            "hashes": [
                "sha256:749c32603f9bf16c1277f59531d502e8f1c2ca19901ae653b49c4ed698f0820e",
                "sha256:e0d428dad43c72dbce7d163b7753ffc7a39c097e6788ef10f4198db69b92f08e"
            ],
            "index": "pypi",
            "version": "==0.19.0"
        },
        "itsdangerous": {
            "hashes": [
                "sha256:cbb3fcf8d3e33df861709ecaf89d9e6629cff0a217bc2848f1b41cd30d360519"
            ],
            "index": "pypi",
            "version": "==0.24"
        },
        "jinja2": {
            "hashes": [
                "sha256:1cc03ef32b64be19e0a5b54578dd790906a34943fe9102cfdae0d4495bd536b4",
                "sha256:bc1ff2ff88dbfacefde4ddde471d1417d3b304e8df103a7a9437d47269201bf4"
            ],
            "index": "pypi",
            "version": "==2.8"
        },
        "mako": {
            "hashes": [
                "sha256:4e02fde57bd4abb5ec400181e4c314f56ac3e49ba4fb8b0d50bba18cb27d25ae"
            ],
            "index": "pypi",
            "version": "==1.0.7"
        },
        "markdown": {
            "hashes": [
                "sha256:61169c455b0e541ac8b6d0cac33c785f14d486b4b24f28a58d63faeec6f2d0a8",
                "sha256:daebf24846efa7ff269cfde8c41a48bb2303920c7b2c7c5e04fa82e6282d05c0"
            ],
            "index": "pypi",
            "version": "==2.6.7"
        },
        "markupsafe": {
            "hashes": [
                "sha256:a6be69091dac236ea9c6bc7d012beab42010fa914c459791d627dad4910eb665"
            ],
            "index": "pypi",
            "version": "==1.0"
        },
        "nose": {
            "hashes": [
                "sha256:9ff7c6cc443f8c51994b34a667bbcf45afd6d945be7477b52e97516fd17c53ac",
                "sha256:dadcddc0aefbf99eea214e0f1232b94f2fa9bd98fa8353711dacb112bfcbbb2a",
                "sha256:f1bffef9cbc82628f6e7d7b40d7e255aefaa1adb6a1b1d26c69a8b79e6208a98"
            ],
            "index": "pypi",
            "version": "==1.3.7"
        },
        "oauth2client": {
            "hashes": [
                "sha256:b8a81cc5d60e2d364f0b1b98f958dbd472887acaf1a5b05e21c28c31a2d6d3ac",
                "sha256:d486741e451287f69568a4d26d70d9acd73a2bbfa275746c535b4209891cccc6"
            ],
            "index": "pypi",
            "version": "==4.1.3"
        },
        "ofs": {
            "hashes": [
                "sha256:f0b9dcefdaf19d01776526da3c99ae24dfb9d7df60740a42fd709e332bb503d5"
            ],
            "index": "pypi",
            "version": "==0.4.2"
        },
        "pairtree": {
            "hashes": [
                "sha256:24f3778addb09b68fc82dcc905ecee2b9783b324995cfd31dd0cf68226b4f5c8"
            ],
            "index": "pypi",
            "version": "==0.7.1-t"
        },
        "passlib": {
            "hashes": [
                "sha256:a83d34f53dc9b17aa42c9a35c3fbcc5120f3fcb07f7f8721ec45e6a27be347fc",
                "sha256:ad631a58dc8abeb0f48016c13f4b3b0f3a7b1045a8cb3c61dd15e2d95b45c472"
            ],
            "index": "pypi",
            "version": "==1.6.5"
        },
        "paste": {
            "hashes": [
                "sha256:11645842ba8ec986ae8cfbe4c6cacff5c35f0f4527abf4f5581ae8b4ad49c0b6"
            ],
            "index": "pypi",
            "version": "==1.7.5.1"
        },
        "pastedeploy": {
            "hashes": [
                "sha256:39973e73f391335fac8bc8a8a95f7d34a9f42e2775600ce2dc518d93b37ef943",
                "sha256:d5858f89a255e6294e63ed46b73613c56e3b9a2d82a42f1df4d06c8421a9e3cb"
            ],
            "index": "pypi",
            "version": "==1.5.2"
        },
        "pastescript": {
            "hashes": [
                "sha256:6533bb357d44fd8e0b10abf2775e8089252dd3ed58eba56d9c07e43d71758f48",
                "sha256:c03f249805538cc2328741ae8d262a9200ae1c993119b3d9bac4cd422cb476c0"
            ],
            "index": "pypi",
            "version": "==2.0.2"
        },
        "pbr": {
            "hashes": [
                "sha256:186428c270309e6fdfe2d5ab0949ab21ae5f7dea831eab96701b86bd666af39c",
                "sha256:f5cf7265a80636ecff66806d13494cbf9d77a3758a65fd8b4d4d4bee81b0c375"
            ],
            "index": "pypi",
            "version": "==1.10.0"
        },
        "polib": {
            "hashes": [
                "sha256:43ce60d05ffa442ba9d3c5722193aadb93c38174b9fb471c8ea7ccbf8349bbca",
                "sha256:d70a315cd5c6adfe7adcf9b541b023348c8b714587e5357886c7e990a91216f3"
            ],
            "index": "pypi",
            "version": "==1.0.7"
        },
        "psycopg2": {
            "hashes": [
                "sha256:009e0bc09a57dbef4b601cb8b46a2abad51f5274c8be4bba276ff2884cd4cc53",
                "sha256:0344b181e1aea37a58c218ccb0f0f771295de9aa25a625ed076e6996c6530f9e",
                "sha256:0cd4c848f0e9d805d531e44973c8f48962e20eb7fc0edac3db4f9dbf9ed5ab82",
                "sha256:1286dd16d0e46d59fa54582725986704a7a3f3d9aca6c5902a7eceb10c60cb7e",
                "sha256:1cf5d84290c771eeecb734abe2c6c3120e9837eb12f99474141a862b9061ac51",
                "sha256:207ba4f9125a0a4200691e82d5eee7ea1485708eabe99a07fc7f08696fae62f4",
                "sha256:25250867a4cd1510fb755ef9cb38da3065def999d8e92c44e49a39b9b76bc893",
                "sha256:2954557393cfc9a5c11a5199c7a78cd9c0c793a047552d27b1636da50d013916",
                "sha256:317612d5d0ca4a9f7e42afb2add69b10be360784d21ce4ecfbca19f1f5eadf43",
                "sha256:37f54452c7787dbdc0a634ca9773362b91709917f0b365ed14b831f03cbd34ba",
                "sha256:40fa5630cd7d237cd93c4d4b64b9e5ed9273d1cfce55241c7f9066f5db70629d",
                "sha256:57baf63aeb2965ca4b52613ce78e968b6d2bde700c97f6a7e8c6c236b51ab83e",
                "sha256:594aa9a095de16614f703d759e10c018bdffeafce2921b8e80a0e8a0ebbc12e5",
                "sha256:5c3213be557d0468f9df8fe2487eaf2990d9799202c5ff5cb8d394d09fad9b2a",
                "sha256:697ff63bc5451e0b0db48ad205151123d25683b3754198be7ab5fcb44334e519",
                "sha256:6c2f1a76a9ebd9ecf7825b9e20860139ca502c2bf1beabf6accf6c9e66a7e0c3",
                "sha256:7a75565181e75ba0b9fb174b58172bf6ea9b4331631cfe7bafff03f3641f5d73",
                "sha256:7a9c6c62e6e05df5406e9b5235c31c376a22620ef26715a663cee57083b3c2ea",
                "sha256:7c31dade89634807196a6b20ced831fbd5bec8a21c4e458ea950c9102c3aa96f",
                "sha256:82c40ea3ac1555e0462803380609fbe8b26f52620f3d4f8eb480cfd8ceed8a14",
                "sha256:8f5942a4daf1ffac42109dc4a72f786af4baa4fa702ede1d7c57b4b696c2e7d6",
                "sha256:92179bd68c2efe72924a99b6745a9172471931fc296f9bfdf9645b75eebd6344",
                "sha256:94e4128ba1ea56f02522fffac65520091a9de3f5c00da31539e085e13db4771b",
                "sha256:988d2ec7560d42ef0ac34b3b97aad14c4f068792f00e1524fa1d3749fe4e4b64",
                "sha256:9d6266348b15b4a48623bf4d3e50445d8e581da413644f365805b321703d0fac",
                "sha256:9d64fed2681552ed642e9c0cc831a9e95ab91de72b47d0cb68b5bf506ba88647",
                "sha256:b9358e203168fef7bfe9f430afaed3a2a624717a1d19c7afa7dfcbd76e3cd95c",
                "sha256:bf708455cd1e9fa96c05126e89a0c59b200d086c7df7bbafc7d9be769e4149a3",
                "sha256:d3ac07240e2304181ffdb13c099840b5eb555efc7be9344503c0c03aa681de79",
                "sha256:ddca39cc55877653b5fcf59976d073e3d58c7c406ef54ae8e61ddf8782867182",
                "sha256:fc993c9331d91766d54757bbc70231e29d5ceb2d1ac08b1570feaa0c38ab9582"
            ],
            "index": "pypi",
            "version": "==2.7.3.2"
        },
        "pyasn1": {
            "hashes": [
                "sha256:39c7e2ec30515947ff4e87fb6f456dfc6e84857d34be479c9d4a4ba4bf46aa5d",
                "sha256:aef77c9fb94a3ac588e87841208bdec464471d9871bd5050a287cc9a475cd0ba"
            ],
            "version": "==0.4.8"
        },
        "pyasn1-modules": {
            "hashes": [
                "sha256:905f84c712230b2c592c19470d3ca8d552de726050d1d1716282a1f6146be65e",
                "sha256:a50b808ffeb97cb3601dd25981f6b016cbb3d31fbf57a8b8a87428e6158d0c74"
            ],
            "version": "==0.2.8"
        },
        "pygments": {
            "hashes": [
                "sha256:78f3f434bcc5d6ee09020f92ba487f95ba50f1e3ef83ae96b9d5ffa1bab25c5d",
                "sha256:dbae1046def0efb574852fab9e90209b23f556367b5a320c0bcb871c77c3e8cc"
            ],
            "index": "pypi",
            "version": "==2.2.0"
        },
        "pylons": {
            "hashes": [
                "sha256:36a62a184819ef01e65c865364f1b262299e6215ef55d8add6a1a258a9dd6933"
            ],
            "index": "pypi",
            "version": "==0.9.7"
        },
        "pyparsing": {
            "hashes": [
                "sha256:c203ec8783bf771a155b207279b9bccb8dea02d8f0c9e5f8ead507bc3246ecc1",
                "sha256:ef9d7589ef3c200abe66653d3f1ab1033c3c419ae9b9bdb1240a85b024efc88b"
            ],
            "version": "==2.4.7"
        },
        "pysolr": {
            "hashes": [
                "sha256:f94292c1002dbbbfaecaad18fec39cc4bff843b459c8851a2234f2799788ac6f",
                "sha256:fd1233e80dcfb7405ca5a33982f485f2ab2f8dffc675c52eff3b33eec950c060"
            ],
            "index": "pypi",
            "version": "==3.6.0"
        },
        "python-dateutil": {
            "hashes": [
                "sha256:6f197348b46fb8cdf9f3fcfc2a7d5a97da95db3e2e8667cf657216274fe1b009"
            ],
            "index": "pypi",
            "version": "==1.5"
        },
        "python-magic": {
            "hashes": [
                "sha256:f2674dcfad52ae6c49d4803fa027809540b130db1dec928cfbb9240316831375",
                "sha256:f3765c0f582d2dfc72c15f3b5a82aecfae9498bd29ca840d72f37d7bd38bfcd5"
            ],
            "index": "pypi",
            "version": "==0.4.15"
        },
        "pytz": {
            "hashes": [
                "sha256:054d9814d00254571cff84f6faedb25c046008322cbe51a6d5664c912b4f2929",
                "sha256:6eab31709e3a4aea748457707da45e805b650cbb352583805d2417de2a1dd71e",
                "sha256:8787de03f35f31699bcaf127e56ad14c00647965ed24d72dbaca87c6e4f843a3",
                "sha256:c6fe748ed6c676d9404b47897cfb399c514fb7428298465c8a3310ee5a2a0ec9"
            ],
            "index": "pypi",
            "version": "==2016.7"
        },
        "pyutilib.component.core": {
            "hashes": [
                "sha256:8d66199ff1fa298961de28c8da7b6fa467273eb87b39f557c92f2e50d8abf186",
                "sha256:96cf00a017bb7647af39c61a4977c1f667415557310591015d5653bc51b235b6"
            ],
            "index": "pypi",
            "version": "==4.6.4"
        },
        "redis": {
            "hashes": [
                "sha256:8a1900a9f2a0a44ecf6e8b5eb3e967a9909dfed219ad66df094f27f7d6f330fb",
                "sha256:a22ca993cea2962dbb588f9f30d0015ac4afcc45bee27d3978c0dbe9e97c6c0f"
            ],
            "index": "pypi",
            "version": "==2.10.6"
        },
        "repoze.lru": {
            "hashes": [
                "sha256:0429a75e19380e4ed50c0694e26ac8819b4ea7851ee1fc7583c8572db80aff77",
                "sha256:f77bf0e1096ea445beadd35f3479c5cff2aa1efe604a133e67150bc8630a62ea"
            ],
            "index": "pypi",
            "version": "==0.7"
        },
        "repoze.who": {
            "hashes": [
                "sha256:36216ea411e16967fa3c44c66975e55ee2e41aede3d2ef31fd3130b6f3880922",
                "sha256:b95dadc1242acc55950115a629cfb1352669774b46d22def51400ca683efea28",
                "sha256:bc38943b62e79df7971fcf40f2c6b17b6b626aef0f81717d7aaedc47ed94735b"
            ],
            "index": "pypi",
            "version": "==2.3"
        },
        "repoze.who-friendlyform": {
            "hashes": [
                "sha256:77138a94b11e8f846889fd7e025d6914e5966125869f6d75ef216801e29cdf13"
            ],
            "index": "pypi",
            "version": "==1.0.8"
        },
        "requests": {
            "hashes": [
                "sha256:545c4855cd9d7c12671444326337013766f4eea6068c3f0307fb2dc2696d580e",
                "sha256:5acf980358283faba0b897c73959cecf8b841205bb4b2ad3ef545f46eae1a133"
            ],
            "index": "pypi",
            "version": "==2.11.1"
        },
        "routes": {
            "hashes": [
                "sha256:cc03d1a357cdb7af82e3909ee8ff93cb2b2afb48aca23bfde0117d6f49f624a7"
            ],
            "index": "pypi",
            "version": "==1.13"
        },
        "rq": {
            "hashes": [
                "sha256:2392de2d97d5a1c3b94d1eb6a1ad9bfcd77c3b1ab1534da9cf15750c67eb2f1b",
                "sha256:d6502f5041953b2e5f5411a59bfc9661f7fb2af2a7f412f0f7bc62b2e56d9341"
            ],
            "index": "pypi",
            "version": "==0.6.0"
        },
        "rsa": {
            "hashes": [
                "sha256:35c5b5f6675ac02120036d97cf96f1fde4d49670543db2822ba5015e21a18032",
                "sha256:4d409f5a7d78530a4a2062574c7bd80311bc3af29b364e293aa9b03eea77714f"
            ],
            "markers": "python_version < '3.6'",
            "version": "==4.5"
        },
        "simplejson": {
            "hashes": [
                "sha256:2ed3362bf59563855054551924c1f01d3876f1f4286d3b2bed88be1a9eac40c3",
                "sha256:3a2a1e74b2b2feae27c8d1ec991544424dad4d0402152359cb79505983fc10f5",
                "sha256:3f43000ccde55f0ba8d46dd18a8dd71c72b48c7103d9ec56b077fe8de0ec686d",
                "sha256:4485d1e310e9b97b29b21a011e1d929ac3c239966f6b8c504c1db63873a15967",
                "sha256:7a8daeaea5d8b846a7cd6d76aa1006cc15c2f51eba3abafd6948824ef166ba60",
                "sha256:84c4eb240c9697719a22a1b92dbe3b16d8ee484726b89f823bbf831d94a9ec86",
                "sha256:8b478dd885fd7184d38797939ccd508e7feb77875058a94e5f09a4e0c67a53c2",
                "sha256:953be622e88323c6f43fad61ffd05bebe73b9fd9863a46d68b052d2aa7d71ce2",
                "sha256:b26455e86d5f7b8e7344c3992a48e32e11b01e26e57cd09c6ce4c94b9b5067f0",
                "sha256:d0509648b2074bf5a66c9d6ad3ee6d3711cc035fe38756cd02df93af2187f31b",
                "sha256:ea38d82c16e998ea9f3aee26d54816d3c560e5e3a075a56c54aef7263412f12e"
            ],
            "index": "pypi",
            "version": "==3.10.0"
        },
        "six": {
            "hashes": [
                "sha256:70e8a77beed4562e7f14fe23a786b54f6296e34344c23bc42f07b15018ff98e9",
                "sha256:832dc0e10feb1aa2c68dcc57dbb658f1c7e65b9b61af69048abc87a2db00a0eb"
            ],
            "index": "pypi",
            "version": "==1.11.0"
        },
        "sqlalchemy": {
            "hashes": [
                "sha256:76f76965e9a968ba3aecd2a8bc0d991cea04fd9a182e6c95c81f1551487b0211"
            ],
            "index": "pypi",
            "version": "==1.1.11"
        },
        "sqlalchemy-migrate": {
            "hashes": [
                "sha256:f83c5cce9c09e5c05527279b7fe1565b32e5353342ff30b24f594fa2e5a7e003",
                "sha256:f961eec08347be28eea7e49767cf53147b6a13706842fa6eb4d0fb1ab448a615"
            ],
            "index": "pypi",
            "version": "==0.10.0"
        },
        "sqlparse": {
            "hashes": [
                "sha256:9b61c319b3c7b64681e1b4d554a9c3fe81ed52da00a901ccf3fe72962734e444",
                "sha256:d446296b2c26f9466860dd85fa32480bec523ab96bda8879262c38e8e8fbba21"
            ],
            "index": "pypi",
            "version": "==0.2.2"
        },
        "tempita": {
            "hashes": [
                "sha256:cacecf0baa674d356641f1d406b8bff1d756d739c46b869a54de515d08e6fc9c"
            ],
            "index": "pypi",
            "version": "==0.5.2"
        },
        "tzlocal": {
            "hashes": [
                "sha256:d160c2ce4f8b1831dabfe766bd844cf9012f766539cf84139c2faac5201882ce"
            ],
            "index": "pypi",
            "version": "==1.3"
        },
        "unicodecsv": {
            "hashes": [
                "sha256:018c08037d48649a0412063ff4eda26eaa81eff1546dbffa51fa5293276ff7fc"
            ],
            "index": "pypi",
            "version": "==0.14.1"
        },
        "uritemplate": {
            "hashes": [
                "sha256:07620c3f3f8eed1f12600845892b0e036a2420acf513c53f7de0abd911a5894f",
                "sha256:5af8ad10cec94f215e3f48112de2022e1d5a37ed427fbd88652fa908f2ab7cae"
            ],
            "version": "==3.0.1"
        },
        "vdm": {
            "hashes": [
                "sha256:81bb747b422e68a59a8cbd42ac7fdf5d46cd4c96cca5b9b5dd48a18780b2afda"
            ],
            "index": "pypi",
            "version": "==0.14"
        },
        "webencodings": {
            "hashes": [
                "sha256:a0af1213f3c2226497a97e2b3aa01a7e4bee4f403f95be16fc9acd2947514a78",
                "sha256:b36a1c245f2d304965eb4e0a82848379241dc04b865afcc4aab16748587e1923"
            ],
            "index": "pypi",
            "version": "==0.5.1"
        },
        "weberror": {
            "hashes": [
                "sha256:20c0533041deda47291314ddb2a64ed580cfc453ea52d3a33bbce12e4d95508a",
                "sha256:c19f8bd57de2f1eea1b18a44f1ba1ad27421097c9ecfa0ae754fa42c9cdd9864"
            ],
            "index": "pypi",
            "version": "==0.13.1"
        },
        "webhelpers": {
            "hashes": [
                "sha256:ea86f284e929366b77424ba9a89341f43ae8dee3cbeb8702f73bcf86058aa583"
            ],
            "index": "pypi",
            "version": "==1.3"
        },
        "webob": {
            "hashes": [
                "sha256:fe771def02bd7857b5519bdf3ae4ea7ea4ebb7d2f5fa10953c8d4535b0ccb2b5"
            ],
            "index": "pypi",
            "version": "==1.0.8"
        },
        "webtest": {
            "hashes": [
                "sha256:0439d951afdf6c58d19e0a83e30855d0bb7e35ab177d9261add71fc5a724b6ab"
            ],
            "index": "pypi",
            "version": "==1.4.3"
        },
        "werkzeug": {
            "hashes": [
                "sha256:c3fd7a7d41976d9f44db327260e263132466836cef6f91512889ed60ad26557c",
                "sha256:d5da73735293558eb1651ee2fddc4d0dedcfa06538b8813a2e20011583c9e49b"
            ],
            "index": "pypi",
            "version": "==0.14.1"
        },
        "zope.interface": {
            "hashes": [
                "sha256:10aba8ab3e011b797656d3a6d0ff8709ee471024f32d6fd056326cca4123e95f",
                "sha256:23eaeb9c59aa41a78cc59b585c80d2eacf96167d575cfd9399f271c967b4b33d",
                "sha256:6a0e224a052e3ce27b3a7b1300a24747513f7a507217fcc2a4cb02eb92945cee",
                "sha256:6d871fb3a7869802fa8ccde0c589e20289e32b30398b24dd46cd1c3bd4dc7382",
                "sha256:716ee42ea853deb4f6491a0db03e36cf4db82f178ee0f4b3ba433e893d754f16",
                "sha256:ab357a99d9f00bc43476d70ead78f05d2d7ebc68c8fd8a8a983e2e6e4cb34bfb",
                "sha256:ae3295573d957138585532f2050ca94bed1fdb0fd792f389b1fa6d9cf5df360f",
                "sha256:ae4963329dc6e78800de72c942422bf641b673fe0708bda7e2a76b96b926121c",
                "sha256:bda6aed260c08c0d1d7c2b100fa3e182e36da064e458af8392acc985fee13644",
                "sha256:c2fd356ed67d9cd23ed47dddcd118f5b3fba26d4a34eee4bf8974bc80963db98",
                "sha256:e727c508a5af11e0bbd690869ed8d3598e6c997e5be66465149f361514a4f3f2",
                "sha256:ef296d3f2c26d8b88fd0db57ba13cfcd3df467f333caaeb87f1d31717b14ff87"
            ],
            "index": "pypi",
            "version": "==4.3.2"
        }
    },
    "develop": {}
}
